
Microsoft Visual Studio Solution File, Format Version 12.00
# Visual Studio Version 17
VisualStudioVersion = 17.3.32825.248
MinimumVisualStudioVersion = 10.0.40219.1
Project("{FAE04EC0-301F-11D3-BF4B-00C04F79EFBC}") = "Monogame", "Monogame.csproj", "{0F727286-7E8B-4D85-A593-5AD2C9614204}"
EndProject
Global
	GlobalSection(SolutionConfigurationPlatforms) = preSolution
		Debug|Any CPU = Debug|Any CPU
		Release|Any CPU = Release|Any CPU
	EndGlobalSection
	GlobalSection(ProjectConfigurationPlatforms) = postSolution
		{0F727286-7E8B-4D85-A593-5AD2C9614204}.Debug|Any CPU.ActiveCfg = Debug|Any CPU
		{0F727286-7E8B-4D85-A593-5AD2C9614204}.Debug|Any CPU.Build.0 = Debug|Any CPU
		{0F727286-7E8B-4D85-A593-5AD2C9614204}.Release|Any CPU.ActiveCfg = Release|Any CPU
		{0F727286-7E8B-4D85-A593-5AD2C9614204}.Release|Any CPU.Build.0 = Release|Any CPU
	EndGlobalSection
	GlobalSection(SolutionProperties) = preSolution
		HideSolutionNode = FALSE
	EndGlobalSection
	GlobalSection(ExtensibilityGlobals) = postSolution
		SolutionGuid = {187E882D-EE9C-47C0-9CA7-2EFF3A7F180B}
	EndGlobalSection
EndGlobal
